// !$*UTF8*$!
{
	archiveVersion = 1;
	classes = {
	};
	objectVersion = 46;
	objects = {

/* Begin PBXBuildFile section */
		124EB3F61B04942700C89BA7 /* LVBlueToothViewController.m in Sources */ = {isa = PBXBuildFile; fileRef = 124EB3F41B04942700C89BA7 /* LVBlueToothViewController.m */; };
		124EB3F71B04942700C89BA7 /* LVBlueToothViewController.xib in Resources */ = {isa = PBXBuildFile; fileRef = 124EB3F51B04942700C89BA7 /* LVBlueToothViewController.xib */; };
		124EB3FB1B04A2D500C89BA7 /* LVInfoViewController.m in Sources */ = {isa = PBXBuildFile; fileRef = 124EB3F91B04A2D500C89BA7 /* LVInfoViewController.m */; };
		124EB3FC1B04A2D500C89BA7 /* LVInfoViewController.xib in Resources */ = {isa = PBXBuildFile; fileRef = 124EB3FA1B04A2D500C89BA7 /* LVInfoViewController.xib */; };
		124EB4031B04A3E600C89BA7 /* MBProgressHUD+MJ.m in Sources */ = {isa = PBXBuildFile; fileRef = 124EB3FF1B04A3E600C89BA7 /* MBProgressHUD+MJ.m */; };
		124EB4041B04A3E600C89BA7 /* MBProgressHUD.bundle in Resources */ = {isa = PBXBuildFile; fileRef = 124EB4001B04A3E600C89BA7 /* MBProgressHUD.bundle */; };
		124EB4051B04A3E600C89BA7 /* MBProgressHUD.m in Sources */ = {isa = PBXBuildFile; fileRef = 124EB4021B04A3E600C89BA7 /* MBProgressHUD.m */; };
		12764A901AFC98590096002D /* main.m in Sources */ = {isa = PBXBuildFile; fileRef = 12764A8F1AFC98590096002D /* main.m */; };
		12764A931AFC98590096002D /* AppDelegate.m in Sources */ = {isa = PBXBuildFile; fileRef = 12764A921AFC98590096002D /* AppDelegate.m */; };
		12764A961AFC98590096002D /* ViewController.m in Sources */ = {isa = PBXBuildFile; fileRef = 12764A951AFC98590096002D /* ViewController.m */; };
		12764A991AFC98590096002D /* Main.storyboard in Resources */ = {isa = PBXBuildFile; fileRef = 12764A971AFC98590096002D /* Main.storyboard */; };
		12764A9B1AFC98590096002D /* Images.xcassets in Resources */ = {isa = PBXBuildFile; fileRef = 12764A9A1AFC98590096002D /* Images.xcassets */; };
		12764A9E1AFC98590096002D /* LaunchScreen.xib in Resources */ = {isa = PBXBuildFile; fileRef = 12764A9C1AFC98590096002D /* LaunchScreen.xib */; };
		12764AAA1AFC98590096002D /* LVDevelopDemoTests.m in Sources */ = {isa = PBXBuildFile; fileRef = 12764AA91AFC98590096002D /* LVDevelopDemoTests.m */; };
		12764AB81AFC9BA50096002D /* LVTouchIdViewController.m in Sources */ = {isa = PBXBuildFile; fileRef = 12764AB71AFC9BA50096002D /* LVTouchIdViewController.m */; };
		12764ABA1AFC9BE10096002D /* LocalAuthentication.framework in Frameworks */ = {isa = PBXBuildFile; fileRef = 12764AB91AFC9BE10096002D /* LocalAuthentication.framework */; };
		129C4DFF1B1EF056001253AA /* LVViewController.m in Sources */ = {isa = PBXBuildFile; fileRef = 129C4DFD1B1EF056001253AA /* LVViewController.m */; };
		129C4E001B1EF056001253AA /* LVViewController.xib in Resources */ = {isa = PBXBuildFile; fileRef = 129C4DFE1B1EF056001253AA /* LVViewController.xib */; };
		129C4E031B1EF77B001253AA /* LVEncryptionTool.m in Sources */ = {isa = PBXBuildFile; fileRef = 129C4E021B1EF77B001253AA /* LVEncryptionTool.m */; };
		12B81F791B4CCAF100593A34 /* LVBlutToothFile in Sources */ = {isa = PBXBuildFile; fileRef = 12B81F781B4CCAF100593A34 /* LVBlutToothFile */; };
		12BE8D1C1B61D08C004C4AC4 /* UINavigationBar+Awesome.m in Sources */ = {isa = PBXBuildFile; fileRef = 12BE8D1B1B61D08C004C4AC4 /* UINavigationBar+Awesome.m */; };
		12BE8D1F1B622647004C4AC4 /* LVSearchResultController.m in Sources */ = {isa = PBXBuildFile; fileRef = 12BE8D1E1B622647004C4AC4 /* LVSearchResultController.m */; };
		12CD7B441B05D96D00F9EE4D /* UIView+Extension.m in Sources */ = {isa = PBXBuildFile; fileRef = 12CD7B431B05D96D00F9EE4D /* UIView+Extension.m */; };
		12CD7B481B05DA9C00F9EE4D /* LVOpenFlashViewController.m in Sources */ = {isa = PBXBuildFile; fileRef = 12CD7B461B05DA9C00F9EE4D /* LVOpenFlashViewController.m */; };
		12CD7B491B05DA9C00F9EE4D /* LVOpenFlashViewController.xib in Resources */ = {isa = PBXBuildFile; fileRef = 12CD7B471B05DA9C00F9EE4D /* LVOpenFlashViewController.xib */; };
		D94428FA1B3E63B400104000 /* LVDragViewController.m in Sources */ = {isa = PBXBuildFile; fileRef = D94428F91B3E63B400104000 /* LVDragViewController.m */; };
		D9A676541B501A4F0087632F /* LVSearchViewController.m in Sources */ = {isa = PBXBuildFile; fileRef = D9A676521B501A4F0087632F /* LVSearchViewController.m */; };
		D9A676551B501A4F0087632F /* LVSearchViewController.xib in Resources */ = {isa = PBXBuildFile; fileRef = D9A676531B501A4F0087632F /* LVSearchViewController.xib */; };
/* End PBXBuildFile section */

/* Begin PBXContainerItemProxy section */
		12764AA41AFC98590096002D /* PBXContainerItemProxy */ = {
			isa = PBXContainerItemProxy;
			containerPortal = 12764A821AFC98590096002D /* Project object */;
			proxyType = 1;
			remoteGlobalIDString = 12764A891AFC98590096002D;
			remoteInfo = LVDevelopDemo;
		};
/* End PBXContainerItemProxy section */

/* Begin PBXFileReference section */
		124EB3F31B04942700C89BA7 /* LVBlueToothViewController.h */ = {isa = PBXFileReference; fileEncoding = 4; lastKnownFileType = sourcecode.c.h; path = LVBlueToothViewController.h; sourceTree = "<group>"; };
		124EB3F41B04942700C89BA7 /* LVBlueToothViewController.m */ = {isa = PBXFileReference; fileEncoding = 4; lastKnownFileType = sourcecode.c.objc; path = LVBlueToothViewController.m; sourceTree = "<group>"; };
		124EB3F51B04942700C89BA7 /* LVBlueToothViewController.xib */ = {isa = PBXFileReference; fileEncoding = 4; lastKnownFileType = file.xib; path = LVBlueToothViewController.xib; sourceTree = "<group>"; };
		124EB3F81B04A2D500C89BA7 /* LVInfoViewController.h */ = {isa = PBXFileReference; fileEncoding = 4; lastKnownFileType = sourcecode.c.h; path = LVInfoViewController.h; sourceTree = "<group>"; };
		124EB3F91B04A2D500C89BA7 /* LVInfoViewController.m */ = {isa = PBXFileReference; fileEncoding = 4; lastKnownFileType = sourcecode.c.objc; path = LVInfoViewController.m; sourceTree = "<group>"; };
		124EB3FA1B04A2D500C89BA7 /* LVInfoViewController.xib */ = {isa = PBXFileReference; fileEncoding = 4; lastKnownFileType = file.xib; path = LVInfoViewController.xib; sourceTree = "<group>"; };
		124EB3FE1B04A3E500C89BA7 /* MBProgressHUD+MJ.h */ = {isa = PBXFileReference; fileEncoding = 4; lastKnownFileType = sourcecode.c.h; path = "MBProgressHUD+MJ.h"; sourceTree = "<group>"; };
		124EB3FF1B04A3E600C89BA7 /* MBProgressHUD+MJ.m */ = {isa = PBXFileReference; fileEncoding = 4; lastKnownFileType = sourcecode.c.objc; path = "MBProgressHUD+MJ.m"; sourceTree = "<group>"; };
		124EB4001B04A3E600C89BA7 /* MBProgressHUD.bundle */ = {isa = PBXFileReference; lastKnownFileType = "wrapper.plug-in"; path = MBProgressHUD.bundle; sourceTree = "<group>"; };
		124EB4011B04A3E600C89BA7 /* MBProgressHUD.h */ = {isa = PBXFileReference; fileEncoding = 4; lastKnownFileType = sourcecode.c.h; path = MBProgressHUD.h; sourceTree = "<group>"; };
		124EB4021B04A3E600C89BA7 /* MBProgressHUD.m */ = {isa = PBXFileReference; fileEncoding = 4; lastKnownFileType = sourcecode.c.objc; path = MBProgressHUD.m; sourceTree = "<group>"; };
		124EB4071B04AAF800C89BA7 /* PrefixHeader.pch */ = {isa = PBXFileReference; lastKnownFileType = sourcecode.c.h; path = PrefixHeader.pch; sourceTree = "<group>"; };
		12764A8A1AFC98590096002D /* LVDevelopDemo.app */ = {isa = PBXFileReference; explicitFileType = wrapper.application; includeInIndex = 0; path = LVDevelopDemo.app; sourceTree = BUILT_PRODUCTS_DIR; };
		12764A8E1AFC98590096002D /* Info.plist */ = {isa = PBXFileReference; lastKnownFileType = text.plist.xml; path = Info.plist; sourceTree = "<group>"; };
		12764A8F1AFC98590096002D /* main.m */ = {isa = PBXFileReference; lastKnownFileType = sourcecode.c.objc; path = main.m; sourceTree = "<group>"; };
		12764A911AFC98590096002D /* AppDelegate.h */ = {isa = PBXFileReference; lastKnownFileType = sourcecode.c.h; path = AppDelegate.h; sourceTree = "<group>"; };
		12764A921AFC98590096002D /* AppDelegate.m */ = {isa = PBXFileReference; lastKnownFileType = sourcecode.c.objc; path = AppDelegate.m; sourceTree = "<group>"; };
		12764A941AFC98590096002D /* ViewController.h */ = {isa = PBXFileReference; lastKnownFileType = sourcecode.c.h; path = ViewController.h; sourceTree = "<group>"; };
		12764A951AFC98590096002D /* ViewController.m */ = {isa = PBXFileReference; lastKnownFileType = sourcecode.c.objc; path = ViewController.m; sourceTree = "<group>"; };
		12764A981AFC98590096002D /* Base */ = {isa = PBXFileReference; lastKnownFileType = file.storyboard; name = Base; path = Base.lproj/Main.storyboard; sourceTree = "<group>"; };
		12764A9A1AFC98590096002D /* Images.xcassets */ = {isa = PBXFileReference; lastKnownFileType = folder.assetcatalog; path = Images.xcassets; sourceTree = "<group>"; };
		12764A9D1AFC98590096002D /* Base */ = {isa = PBXFileReference; lastKnownFileType = file.xib; name = Base; path = Base.lproj/LaunchScreen.xib; sourceTree = "<group>"; };
		12764AA31AFC98590096002D /* LVDevelopDemoTests.xctest */ = {isa = PBXFileReference; explicitFileType = wrapper.cfbundle; includeInIndex = 0; path = LVDevelopDemoTests.xctest; sourceTree = BUILT_PRODUCTS_DIR; };
		12764AA81AFC98590096002D /* Info.plist */ = {isa = PBXFileReference; lastKnownFileType = text.plist.xml; path = Info.plist; sourceTree = "<group>"; };
		12764AA91AFC98590096002D /* LVDevelopDemoTests.m */ = {isa = PBXFileReference; lastKnownFileType = sourcecode.c.objc; path = LVDevelopDemoTests.m; sourceTree = "<group>"; };
		12764AB61AFC9BA50096002D /* LVTouchIdViewController.h */ = {isa = PBXFileReference; fileEncoding = 4; lastKnownFileType = sourcecode.c.h; path = LVTouchIdViewController.h; sourceTree = "<group>"; };
		12764AB71AFC9BA50096002D /* LVTouchIdViewController.m */ = {isa = PBXFileReference; fileEncoding = 4; lastKnownFileType = sourcecode.c.objc; path = LVTouchIdViewController.m; sourceTree = "<group>"; };
		12764AB91AFC9BE10096002D /* LocalAuthentication.framework */ = {isa = PBXFileReference; lastKnownFileType = wrapper.framework; name = LocalAuthentication.framework; path = System/Library/Frameworks/LocalAuthentication.framework; sourceTree = SDKROOT; };
		129C4DFC1B1EF056001253AA /* LVViewController.h */ = {isa = PBXFileReference; fileEncoding = 4; lastKnownFileType = sourcecode.c.h; path = LVViewController.h; sourceTree = "<group>"; };
		129C4DFD1B1EF056001253AA /* LVViewController.m */ = {isa = PBXFileReference; fileEncoding = 4; lastKnownFileType = sourcecode.c.objc; path = LVViewController.m; sourceTree = "<group>"; };
		129C4DFE1B1EF056001253AA /* LVViewController.xib */ = {isa = PBXFileReference; fileEncoding = 4; lastKnownFileType = file.xib; path = LVViewController.xib; sourceTree = "<group>"; };
		129C4E011B1EF77B001253AA /* LVEncryptionTool.h */ = {isa = PBXFileReference; fileEncoding = 4; lastKnownFileType = sourcecode.c.h; path = LVEncryptionTool.h; sourceTree = "<group>"; };
		129C4E021B1EF77B001253AA /* LVEncryptionTool.m */ = {isa = PBXFileReference; fileEncoding = 4; lastKnownFileType = sourcecode.c.objc; path = LVEncryptionTool.m; sourceTree = "<group>"; };
		12B81F781B4CCAF100593A34 /* LVBlutToothFile */ = {isa = PBXFileReference; fileEncoding = 4; lastKnownFileType = text; path = LVBlutToothFile; sourceTree = "<group>"; };
		12BE8D1A1B61D08C004C4AC4 /* UINavigationBar+Awesome.h */ = {isa = PBXFileReference; fileEncoding = 4; lastKnownFileType = sourcecode.c.h; path = "UINavigationBar+Awesome.h"; sourceTree = "<group>"; };
		12BE8D1B1B61D08C004C4AC4 /* UINavigationBar+Awesome.m */ = {isa = PBXFileReference; fileEncoding = 4; lastKnownFileType = sourcecode.c.objc; path = "UINavigationBar+Awesome.m"; sourceTree = "<group>"; };
		12BE8D1D1B622647004C4AC4 /* LVSearchResultController.h */ = {isa = PBXFileReference; fileEncoding = 4; lastKnownFileType = sourcecode.c.h; path = LVSearchResultController.h; sourceTree = "<group>"; };
		12BE8D1E1B622647004C4AC4 /* LVSearchResultController.m */ = {isa = PBXFileReference; fileEncoding = 4; lastKnownFileType = sourcecode.c.objc; path = LVSearchResultController.m; sourceTree = "<group>"; };
		12CD7B421B05D96D00F9EE4D /* UIView+Extension.h */ = {isa = PBXFileReference; fileEncoding = 4; lastKnownFileType = sourcecode.c.h; path = "UIView+Extension.h"; sourceTree = "<group>"; };
		12CD7B431B05D96D00F9EE4D /* UIView+Extension.m */ = {isa = PBXFileReference; fileEncoding = 4; lastKnownFileType = sourcecode.c.objc; path = "UIView+Extension.m"; sourceTree = "<group>"; };
		12CD7B451B05DA9C00F9EE4D /* LVOpenFlashViewController.h */ = {isa = PBXFileReference; fileEncoding = 4; lastKnownFileType = sourcecode.c.h; path = LVOpenFlashViewController.h; sourceTree = "<group>"; };
		12CD7B461B05DA9C00F9EE4D /* LVOpenFlashViewController.m */ = {isa = PBXFileReference; fileEncoding = 4; lastKnownFileType = sourcecode.c.objc; path = LVOpenFlashViewController.m; sourceTree = "<group>"; };
		12CD7B471B05DA9C00F9EE4D /* LVOpenFlashViewController.xib */ = {isa = PBXFileReference; fileEncoding = 4; lastKnownFileType = file.xib; path = LVOpenFlashViewController.xib; sourceTree = "<group>"; };
		D94428F81B3E63B400104000 /* LVDragViewController.h */ = {isa = PBXFileReference; fileEncoding = 4; lastKnownFileType = sourcecode.c.h; path = LVDragViewController.h; sourceTree = "<group>"; };
		D94428F91B3E63B400104000 /* LVDragViewController.m */ = {isa = PBXFileReference; fileEncoding = 4; lastKnownFileType = sourcecode.c.objc; path = LVDragViewController.m; sourceTree = "<group>"; };
		D9A676511B501A4F0087632F /* LVSearchViewController.h */ = {isa = PBXFileReference; fileEncoding = 4; lastKnownFileType = sourcecode.c.h; path = LVSearchViewController.h; sourceTree = "<group>"; };
		D9A676521B501A4F0087632F /* LVSearchViewController.m */ = {isa = PBXFileReference; fileEncoding = 4; lastKnownFileType = sourcecode.c.objc; path = LVSearchViewController.m; sourceTree = "<group>"; };
		D9A676531B501A4F0087632F /* LVSearchViewController.xib */ = {isa = PBXFileReference; fileEncoding = 4; lastKnownFileType = file.xib; path = LVSearchViewController.xib; sourceTree = "<group>"; };
/* End PBXFileReference section */

/* Begin PBXFrameworksBuildPhase section */
		12764A871AFC98590096002D /* Frameworks */ = {
			isa = PBXFrameworksBuildPhase;
			buildActionMask = 2147483647;
			files = (
				12764ABA1AFC9BE10096002D /* LocalAuthentication.framework in Frameworks */,
			);
			runOnlyForDeploymentPostprocessing = 0;
		};
		12764AA01AFC98590096002D /* Frameworks */ = {
			isa = PBXFrameworksBuildPhase;
			buildActionMask = 2147483647;
			files = (
			);
			runOnlyForDeploymentPostprocessing = 0;
		};
/* End PBXFrameworksBuildPhase section */

/* Begin PBXGroup section */
		124EB3F21B0493FB00C89BA7 /* bluetoothDemo */ = {
			isa = PBXGroup;
			children = (
				124EB3F31B04942700C89BA7 /* LVBlueToothViewController.h */,
				124EB3F41B04942700C89BA7 /* LVBlueToothViewController.m */,
				124EB3F51B04942700C89BA7 /* LVBlueToothViewController.xib */,
				124EB3F81B04A2D500C89BA7 /* LVInfoViewController.h */,
				124EB3F91B04A2D500C89BA7 /* LVInfoViewController.m */,
				124EB3FA1B04A2D500C89BA7 /* LVInfoViewController.xib */,
				12B81F781B4CCAF100593A34 /* LVBlutToothFile */,
			);
			path = bluetoothDemo;
			sourceTree = "<group>";
		};
		124EB3FD1B04A3E500C89BA7 /* MBProgressHUD */ = {
			isa = PBXGroup;
			children = (
				124EB3FE1B04A3E500C89BA7 /* MBProgressHUD+MJ.h */,
				124EB3FF1B04A3E600C89BA7 /* MBProgressHUD+MJ.m */,
				124EB4001B04A3E600C89BA7 /* MBProgressHUD.bundle */,
				124EB4011B04A3E600C89BA7 /* MBProgressHUD.h */,
				124EB4021B04A3E600C89BA7 /* MBProgressHUD.m */,
			);
			path = MBProgressHUD;
			sourceTree = "<group>";
		};
		124EB4061B04A4C600C89BA7 /* openFlash */ = {
			isa = PBXGroup;
			children = (
				12CD7B451B05DA9C00F9EE4D /* LVOpenFlashViewController.h */,
				12CD7B461B05DA9C00F9EE4D /* LVOpenFlashViewController.m */,
				12CD7B471B05DA9C00F9EE4D /* LVOpenFlashViewController.xib */,
			);
			path = openFlash;
			sourceTree = "<group>";
		};
		12764A811AFC98590096002D = {
			isa = PBXGroup;
			children = (
				12764AB91AFC9BE10096002D /* LocalAuthentication.framework */,
				12764A8C1AFC98590096002D /* LVDevelopDemo */,
				12764AA61AFC98590096002D /* LVDevelopDemoTests */,
				12764A8B1AFC98590096002D /* Products */,
			);
			sourceTree = "<group>";
		};
		12764A8B1AFC98590096002D /* Products */ = {
			isa = PBXGroup;
			children = (
				12764A8A1AFC98590096002D /* LVDevelopDemo.app */,
				12764AA31AFC98590096002D /* LVDevelopDemoTests.xctest */,
			);
			name = Products;
			sourceTree = "<group>";
		};
		12764A8C1AFC98590096002D /* LVDevelopDemo */ = {
			isa = PBXGroup;
			children = (
				12CD7B411B05D96D00F9EE4D /* UIViewExtension */,
				124EB3FD1B04A3E500C89BA7 /* MBProgressHUD */,
				12764AB31AFC9B1E0096002D /* classes */,
				12764A911AFC98590096002D /* AppDelegate.h */,
				12764A921AFC98590096002D /* AppDelegate.m */,
				12764A941AFC98590096002D /* ViewController.h */,
				12764A951AFC98590096002D /* ViewController.m */,
				12764A971AFC98590096002D /* Main.storyboard */,
				12764A9A1AFC98590096002D /* Images.xcassets */,
				12764A9C1AFC98590096002D /* LaunchScreen.xib */,
				12764A8D1AFC98590096002D /* Supporting Files */,
			);
			path = LVDevelopDemo;
			sourceTree = "<group>";
		};
		12764A8D1AFC98590096002D /* Supporting Files */ = {
			isa = PBXGroup;
			children = (
				12764A8E1AFC98590096002D /* Info.plist */,
				12764A8F1AFC98590096002D /* main.m */,
				124EB4071B04AAF800C89BA7 /* PrefixHeader.pch */,
			);
			name = "Supporting Files";
			sourceTree = "<group>";
		};
		12764AA61AFC98590096002D /* LVDevelopDemoTests */ = {
			isa = PBXGroup;
			children = (
				12764AA91AFC98590096002D /* LVDevelopDemoTests.m */,
				12764AA71AFC98590096002D /* Supporting Files */,
			);
			path = LVDevelopDemoTests;
			sourceTree = "<group>";
		};
		12764AA71AFC98590096002D /* Supporting Files */ = {
			isa = PBXGroup;
			children = (
				12764AA81AFC98590096002D /* Info.plist */,
			);
			name = "Supporting Files";
			sourceTree = "<group>";
		};
		12764AB31AFC9B1E0096002D /* classes */ = {
			isa = PBXGroup;
			children = (
				D9A676501B501A350087632F /* Search */,
				129C4DFB1B1EF034001253AA /* AesEncryption */,
				124EB4061B04A4C600C89BA7 /* openFlash */,
				124EB3F21B0493FB00C89BA7 /* bluetoothDemo */,
				12764AB51AFC9B530096002D /* touchIdDemo */,
				D94428F71B3E637500104000 /* dragDown */,
			);
			path = classes;
			sourceTree = "<group>";
		};
		12764AB51AFC9B530096002D /* touchIdDemo */ = {
			isa = PBXGroup;
			children = (
				12764AB61AFC9BA50096002D /* LVTouchIdViewController.h */,
				12764AB71AFC9BA50096002D /* LVTouchIdViewController.m */,
			);
			path = touchIdDemo;
			sourceTree = "<group>";
		};
		129C4DFB1B1EF034001253AA /* AesEncryption */ = {
			isa = PBXGroup;
			children = (
				129C4DFC1B1EF056001253AA /* LVViewController.h */,
				129C4DFD1B1EF056001253AA /* LVViewController.m */,
				129C4DFE1B1EF056001253AA /* LVViewController.xib */,
				129C4E011B1EF77B001253AA /* LVEncryptionTool.h */,
				129C4E021B1EF77B001253AA /* LVEncryptionTool.m */,
			);
			path = AesEncryption;
			sourceTree = "<group>";
		};
		12CD7B411B05D96D00F9EE4D /* UIViewExtension */ = {
			isa = PBXGroup;
			children = (
				12CD7B421B05D96D00F9EE4D /* UIView+Extension.h */,
				12CD7B431B05D96D00F9EE4D /* UIView+Extension.m */,
			);
			path = UIViewExtension;
			sourceTree = "<group>";
		};
		D94428F71B3E637500104000 /* dragDown */ = {
			isa = PBXGroup;
			children = (
				12BE8D1A1B61D08C004C4AC4 /* UINavigationBar+Awesome.h */,
				12BE8D1B1B61D08C004C4AC4 /* UINavigationBar+Awesome.m */,
				D94428F81B3E63B400104000 /* LVDragViewController.h */,
				D94428F91B3E63B400104000 /* LVDragViewController.m */,
			);
			path = dragDown;
			sourceTree = "<group>";
		};
		D9A676501B501A350087632F /* Search */ = {
			isa = PBXGroup;
			children = (
				D9A676511B501A4F0087632F /* LVSearchViewController.h */,
				D9A676521B501A4F0087632F /* LVSearchViewController.m */,
				D9A676531B501A4F0087632F /* LVSearchViewController.xib */,
				12BE8D1D1B622647004C4AC4 /* LVSearchResultController.h */,
				12BE8D1E1B622647004C4AC4 /* LVSearchResultController.m */,
			);
			path = Search;
			sourceTree = "<group>";
		};
/* End PBXGroup section */

/* Begin PBXNativeTarget section */
		12764A891AFC98590096002D /* LVDevelopDemo */ = {
			isa = PBXNativeTarget;
			buildConfigurationList = 12764AAD1AFC98590096002D /* Build configuration list for PBXNativeTarget "LVDevelopDemo" */;
			buildPhases = (
				12764A861AFC98590096002D /* Sources */,
				12764A871AFC98590096002D /* Frameworks */,
				12764A881AFC98590096002D /* Resources */,
			);
			buildRules = (
			);
			dependencies = (
			);
			name = LVDevelopDemo;
			productName = LVDevelopDemo;
			productReference = 12764A8A1AFC98590096002D /* LVDevelopDemo.app */;
			productType = "com.apple.product-type.application";
		};
		12764AA21AFC98590096002D /* LVDevelopDemoTests */ = {
			isa = PBXNativeTarget;
			buildConfigurationList = 12764AB01AFC98590096002D /* Build configuration list for PBXNativeTarget "LVDevelopDemoTests" */;
			buildPhases = (
				12764A9F1AFC98590096002D /* Sources */,
				12764AA01AFC98590096002D /* Frameworks */,
				12764AA11AFC98590096002D /* Resources */,
			);
			buildRules = (
			);
			dependencies = (
				12764AA51AFC98590096002D /* PBXTargetDependency */,
			);
			name = LVDevelopDemoTests;
			productName = LVDevelopDemoTests;
			productReference = 12764AA31AFC98590096002D /* LVDevelopDemoTests.xctest */;
			productType = "com.apple.product-type.bundle.unit-test";
		};
/* End PBXNativeTarget section */

/* Begin PBXProject section */
		12764A821AFC98590096002D /* Project object */ = {
			isa = PBXProject;
			attributes = {
				CLASSPREFIX = LV;
				LastUpgradeCheck = 0630;
				ORGANIZATIONNAME = liuchunlao;
				TargetAttributes = {
					12764A891AFC98590096002D = {
						CreatedOnToolsVersion = 6.3;
					};
					12764AA21AFC98590096002D = {
						CreatedOnToolsVersion = 6.3;
						TestTargetID = 12764A891AFC98590096002D;
					};
				};
			};
			buildConfigurationList = 12764A851AFC98590096002D /* Build configuration list for PBXProject "LVDevelopDemo" */;
			compatibilityVersion = "Xcode 3.2";
			developmentRegion = English;
			hasScannedForEncodings = 0;
			knownRegions = (
				en,
				Base,
			);
			mainGroup = 12764A811AFC98590096002D;
			productRefGroup = 12764A8B1AFC98590096002D /* Products */;
			projectDirPath = "";
			projectRoot = "";
			targets = (
				12764A891AFC98590096002D /* LVDevelopDemo */,
				12764AA21AFC98590096002D /* LVDevelopDemoTests */,
			);
		};
/* End PBXProject section */

/* Begin PBXResourcesBuildPhase section */
		12764A881AFC98590096002D /* Resources */ = {
			isa = PBXResourcesBuildPhase;
			buildActionMask = 2147483647;
			files = (
				12764A991AFC98590096002D /* Main.storyboard in Resources */,
				124EB3FC1B04A2D500C89BA7 /* LVInfoViewController.xib in Resources */,
				12CD7B491B05DA9C00F9EE4D /* LVOpenFlashViewController.xib in Resources */,
				124EB3F71B04942700C89BA7 /* LVBlueToothViewController.xib in Resources */,
				D9A676551B501A4F0087632F /* LVSearchViewController.xib in Resources */,
				12764A9E1AFC98590096002D /* LaunchScreen.xib in Resources */,
				12764A9B1AFC98590096002D /* Images.xcassets in Resources */,
				129C4E001B1EF056001253AA /* LVViewController.xib in Resources */,
				124EB4041B04A3E600C89BA7 /* MBProgressHUD.bundle in Resources */,
			);
			runOnlyForDeploymentPostprocessing = 0;
		};
		12764AA11AFC98590096002D /* Resources */ = {
			isa = PBXResourcesBuildPhase;
			buildActionMask = 2147483647;
			files = (
			);
			runOnlyForDeploymentPostprocessing = 0;
		};
/* End PBXResourcesBuildPhase section */

/* Begin PBXSourcesBuildPhase section */
		12764A861AFC98590096002D /* Sources */ = {
			isa = PBXSourcesBuildPhase;
			buildActionMask = 2147483647;
			files = (
				12CD7B441B05D96D00F9EE4D /* UIView+Extension.m in Sources */,
				12B81F791B4CCAF100593A34 /* LVBlutToothFile in Sources */,
				12CD7B481B05DA9C00F9EE4D /* LVOpenFlashViewController.m in Sources */,
				12BE8D1C1B61D08C004C4AC4 /* UINavigationBar+Awesome.m in Sources */,
				129C4DFF1B1EF056001253AA /* LVViewController.m in Sources */,
				124EB3FB1B04A2D500C89BA7 /* LVInfoViewController.m in Sources */,
				124EB3F61B04942700C89BA7 /* LVBlueToothViewController.m in Sources */,
				12764A961AFC98590096002D /* ViewController.m in Sources */,
				12764AB81AFC9BA50096002D /* LVTouchIdViewController.m in Sources */,
				124EB4031B04A3E600C89BA7 /* MBProgressHUD+MJ.m in Sources */,
				D9A676541B501A4F0087632F /* LVSearchViewController.m in Sources */,
				12BE8D1F1B622647004C4AC4 /* LVSearchResultController.m in Sources */,
				D94428FA1B3E63B400104000 /* LVDragViewController.m in Sources */,
				129C4E031B1EF77B001253AA /* LVEncryptionTool.m in Sources */,
				12764A931AFC98590096002D /* AppDelegate.m in Sources */,
				12764A901AFC98590096002D /* main.m in Sources */,
				124EB4051B04A3E600C89BA7 /* MBProgressHUD.m in Sources */,
			);
			runOnlyForDeploymentPostprocessing = 0;
		};
		12764A9F1AFC98590096002D /* Sources */ = {
			isa = PBXSourcesBuildPhase;
			buildActionMask = 2147483647;
			files = (
				12764AAA1AFC98590096002D /* LVDevelopDemoTests.m in Sources */,
			);
			runOnlyForDeploymentPostprocessing = 0;
		};
/* End PBXSourcesBuildPhase section */

/* Begin PBXTargetDependency section */
		12764AA51AFC98590096002D /* PBXTargetDependency */ = {
			isa = PBXTargetDependency;
			target = 12764A891AFC98590096002D /* LVDevelopDemo */;
			targetProxy = 12764AA41AFC98590096002D /* PBXContainerItemProxy */;
		};
/* End PBXTargetDependency section */

/* Begin PBXVariantGroup section */
		12764A971AFC98590096002D /* Main.storyboard */ = {
			isa = PBXVariantGroup;
			children = (
				12764A981AFC98590096002D /* Base */,
			);
			name = Main.storyboard;
			sourceTree = "<group>";
		};
		12764A9C1AFC98590096002D /* LaunchScreen.xib */ = {
			isa = PBXVariantGroup;
			children = (
				12764A9D1AFC98590096002D /* Base */,
			);
			name = LaunchScreen.xib;
			sourceTree = "<group>";
		};
/* End PBXVariantGroup section */

/* Begin XCBuildConfiguration section */
		12764AAB1AFC98590096002D /* Debug */ = {
			isa = XCBuildConfiguration;
			buildSettings = {
				ALWAYS_SEARCH_USER_PATHS = NO;
				CLANG_CXX_LANGUAGE_STANDARD = "gnu++0x";
				CLANG_CXX_LIBRARY = "libc++";
				CLANG_ENABLE_MODULES = YES;
				CLANG_ENABLE_OBJC_ARC = YES;
				CLANG_WARN_BOOL_CONVERSION = YES;
				CLANG_WARN_CONSTANT_CONVERSION = YES;
				CLANG_WARN_DIRECT_OBJC_ISA_USAGE = YES_ERROR;
				CLANG_WARN_EMPTY_BODY = YES;
				CLANG_WARN_ENUM_CONVERSION = YES;
				CLANG_WARN_INT_CONVERSION = YES;
				CLANG_WARN_OBJC_ROOT_CLASS = YES_ERROR;
				CLANG_WARN_UNREACHABLE_CODE = YES;
				CLANG_WARN__DUPLICATE_METHOD_MATCH = YES;
				"CODE_SIGN_IDENTITY[sdk=iphoneos*]" = "iPhone Developer";
				COPY_PHASE_STRIP = NO;
				DEBUG_INFORMATION_FORMAT = "dwarf-with-dsym";
				ENABLE_STRICT_OBJC_MSGSEND = YES;
				GCC_C_LANGUAGE_STANDARD = gnu99;
				GCC_DYNAMIC_NO_PIC = NO;
				GCC_NO_COMMON_BLOCKS = YES;
				GCC_OPTIMIZATION_LEVEL = 0;
				GCC_PREPROCESSOR_DEFINITIONS = (
					"DEBUG=1",
					"$(inherited)",
				);
				GCC_SYMBOLS_PRIVATE_EXTERN = NO;
				GCC_WARN_64_TO_32_BIT_CONVERSION = YES;
				GCC_WARN_ABOUT_RETURN_TYPE = YES_ERROR;
				GCC_WARN_UNDECLARED_SELECTOR = YES;
				GCC_WARN_UNINITIALIZED_AUTOS = YES_AGGRESSIVE;
				GCC_WARN_UNUSED_FUNCTION = YES;
				GCC_WARN_UNUSED_VARIABLE = YES;
				IPHONEOS_DEPLOYMENT_TARGET = 8.3;
				MTL_ENABLE_DEBUG_INFO = YES;
				ONLY_ACTIVE_ARCH = YES;
				SDKROOT = iphoneos;
				TARGETED_DEVICE_FAMILY = "1,2";
			};
			name = Debug;
		};
		12764AAC1AFC98590096002D /* Release */ = {
			isa = XCBuildConfiguration;
			buildSettings = {
				ALWAYS_SEARCH_USER_PATHS = NO;
				CLANG_CXX_LANGUAGE_STANDARD = "gnu++0x";
				CLANG_CXX_LIBRARY = "libc++";
				CLANG_ENABLE_MODULES = YES;
				CLANG_ENABLE_OBJC_ARC = YES;
				CLANG_WARN_BOOL_CONVERSION = YES;
				CLANG_WARN_CONSTANT_CONVERSION = YES;
				CLANG_WARN_DIRECT_OBJC_ISA_USAGE = YES_ERROR;
				CLANG_WARN_EMPTY_BODY = YES;
				CLANG_WARN_ENUM_CONVERSION = YES;
				CLANG_WARN_INT_CONVERSION = YES;
				CLANG_WARN_OBJC_ROOT_CLASS = YES_ERROR;
				CLANG_WARN_UNREACHABLE_CODE = YES;
				CLANG_WARN__DUPLICATE_METHOD_MATCH = YES;
				"CODE_SIGN_IDENTITY[sdk=iphoneos*]" = "iPhone Developer";
				COPY_PHASE_STRIP = NO;
				DEBUG_INFORMATION_FORMAT = "dwarf-with-dsym";
				ENABLE_NS_ASSERTIONS = NO;
				ENABLE_STRICT_OBJC_MSGSEND = YES;
				GCC_C_LANGUAGE_STANDARD = gnu99;
				GCC_NO_COMMON_BLOCKS = YES;
				GCC_WARN_64_TO_32_BIT_CONVERSION = YES;
				GCC_WARN_ABOUT_RETURN_TYPE = YES_ERROR;
				GCC_WARN_UNDECLARED_SELECTOR = YES;
				GCC_WARN_UNINITIALIZED_AUTOS = YES_AGGRESSIVE;
				GCC_WARN_UNUSED_FUNCTION = YES;
				GCC_WARN_UNUSED_VARIABLE = YES;
				IPHONEOS_DEPLOYMENT_TARGET = 8.3;
				MTL_ENABLE_DEBUG_INFO = NO;
				SDKROOT = iphoneos;
				TARGETED_DEVICE_FAMILY = "1,2";
				VALIDATE_PRODUCT = YES;
			};
			name = Release;
		};
		12764AAE1AFC98590096002D /* Debug */ = {
			isa = XCBuildConfiguration;
			buildSettings = {
				ASSETCATALOG_COMPILER_APPICON_NAME = AppIcon;
				ASSETCATALOG_COMPILER_LAUNCHIMAGE_NAME = BrandAsset;
				GCC_PREFIX_HEADER = LVDevelopDemo/PrefixHeader.pch;
				INFOPLIST_FILE = LVDevelopDemo/Info.plist;
				IPHONEOS_DEPLOYMENT_TARGET = 8.0;
				LD_RUNPATH_SEARCH_PATHS = "$(inherited) @executable_path/Frameworks";
				PRODUCT_NAME = "$(TARGET_NAME)";
			};
			name = Debug;
		};
		12764AAF1AFC98590096002D /* Release */ = {
			isa = XCBuildConfiguration;
			buildSettings = {
				ASSETCATALOG_COMPILER_APPICON_NAME = AppIcon;
				ASSETCATALOG_COMPILER_LAUNCHIMAGE_NAME = BrandAsset;
				GCC_PREFIX_HEADER = LVDevelopDemo/PrefixHeader.pch;
				INFOPLIST_FILE = LVDevelopDemo/Info.plist;
				IPHONEOS_DEPLOYMENT_TARGET = 8.0;
				LD_RUNPATH_SEARCH_PATHS = "$(inherited) @executable_path/Frameworks";
				PRODUCT_NAME = "$(TARGET_NAME)";
			};
			name = Release;
		};
		12764AB11AFC98590096002D /* Debug */ = {
			isa = XCBuildConfiguration;
			buildSettings = {
				BUNDLE_LOADER = "$(TEST_HOST)";
				FRAMEWORK_SEARCH_PATHS = (
					"$(SDKROOT)/Developer/Library/Frameworks",
					"$(inherited)",
				);
				GCC_PREPROCESSOR_DEFINITIONS = (
					"DEBUG=1",
					"$(inherited)",
				);
				INFOPLIST_FILE = LVDevelopDemoTests/Info.plist;
				LD_RUNPATH_SEARCH_PATHS = "$(inherited) @executable_path/Frameworks @loader_path/Frameworks";
				PRODUCT_NAME = "$(TARGET_NAME)";
				TEST_HOST = "$(BUILT_PRODUCTS_DIR)/LVDevelopDemo.app/LVDevelopDemo";
			};
			name = Debug;
		};
		12764AB21AFC98590096002D /* Release */ = {
			isa = XCBuildConfiguration;
			buildSettings = {
				BUNDLE_LOADER = "$(TEST_HOST)";
				FRAMEWORK_SEARCH_PATHS = (
					"$(SDKROOT)/Developer/Library/Frameworks",
					"$(inherited)",
				);
				INFOPLIST_FILE = LVDevelopDemoTests/Info.plist;
				LD_RUNPATH_SEARCH_PATHS = "$(inherited) @executable_path/Frameworks @loader_path/Frameworks";
				PRODUCT_NAME = "$(TARGET_NAME)";
				TEST_HOST = "$(BUILT_PRODUCTS_DIR)/LVDevelopDemo.app/LVDevelopDemo";
			};
			name = Release;
		};
/* End XCBuildConfiguration section */

/* Begin XCConfigurationList section */
		12764A851AFC98590096002D /* Build configuration list for PBXProject "LVDevelopDemo" */ = {
			isa = XCConfigurationList;
			buildConfigurations = (
				12764AAB1AFC98590096002D /* Debug */,
				12764AAC1AFC98590096002D /* Release */,
			);
			defaultConfigurationIsVisible = 0;
			defaultConfigurationName = Release;
		};
		12764AAD1AFC98590096002D /* Build configuration list for PBXNativeTarget "LVDevelopDemo" */ = {
			isa = XCConfigurationList;
			buildConfigurations = (
				12764AAE1AFC98590096002D /* Debug */,
				12764AAF1AFC98590096002D /* Release */,
			);
			defaultConfigurationIsVisible = 0;
			defaultConfigurationName = Release;
		};
		12764AB01AFC98590096002D /* Build configuration list for PBXNativeTarget "LVDevelopDemoTests" */ = {
			isa = XCConfigurationList;
			buildConfigurations = (
				12764AB11AFC98590096002D /* Debug */,
				12764AB21AFC98590096002D /* Release */,
			);
			defaultConfigurationIsVisible = 0;
			defaultConfigurationName = Release;
		};
/* End XCConfigurationList section */
	};
	rootObject = 12764A821AFC98590096002D /* Project object */;
}
